
Microsoft Visual Studio Solution File, Format Version 12.00
# Visual Studio Version 17
VisualStudioVersion = 17.1.32210.238
MinimumVisualStudioVersion = 10.0.40219.1
Project("{9A19103F-16F7-4668-BE54-9A1E7A4F7556}") = "TinyMod", "TinyMod\TinyMod.csproj", "{433893BE-4694-491A-8C7F-76E10FF85112}"
EndProject
Project("{FAE04EC0-301F-11D3-BF4B-00C04F79EFBC}") = "HelloWorld", "HelloWorld\HelloWorld.csproj", "{7612B352-2453-450D-9FA0-DDD485F562AF}"
EndProject
Project("{FAE04EC0-301F-11D3-BF4B-00C04F79EFBC}") = "MusicPlayer", "MusicPlayer\MusicPlayer.csproj", "{B0934142-23DE-446F-8892-7801A29B5090}"
EndProject
Project("{FAE04EC0-301F-11D3-BF4B-00C04F79EFBC}") = "TinyInstaller", "TinyInstaller\TinyInstaller.csproj", "{DD404697-310B-4F0C-B119-C8849CF764D6}"
EndProject
Project("{FAE04EC0-301F-11D3-BF4B-00C04F79EFBC}") = "Test", "Test\Test.csproj", "{222D15FB-2133-4738-A93A-0EC0427D6868}"
EndProject
Global
	GlobalSection(SolutionConfigurationPlatforms) = preSolution
		Debug|Any CPU = Debug|Any CPU
		Release|Any CPU = Release|Any CPU
	EndGlobalSection
	GlobalSection(ProjectConfigurationPlatforms) = postSolution
		{433893BE-4694-491A-8C7F-76E10FF85112}.Debug|Any CPU.ActiveCfg = Debug|Any CPU
		{433893BE-4694-491A-8C7F-76E10FF85112}.Debug|Any CPU.Build.0 = Debug|Any CPU
		{433893BE-4694-491A-8C7F-76E10FF85112}.Release|Any CPU.ActiveCfg = Release|Any CPU
		{433893BE-4694-491A-8C7F-76E10FF85112}.Release|Any CPU.Build.0 = Release|Any CPU
		{7612B352-2453-450D-9FA0-DDD485F562AF}.Debug|Any CPU.ActiveCfg = Debug|Any CPU
		{7612B352-2453-450D-9FA0-DDD485F562AF}.Debug|Any CPU.Build.0 = Debug|Any CPU
		{7612B352-2453-450D-9FA0-DDD485F562AF}.Release|Any CPU.ActiveCfg = Release|Any CPU
		{7612B352-2453-450D-9FA0-DDD485F562AF}.Release|Any CPU.Build.0 = Release|Any CPU
		{B0934142-23DE-446F-8892-7801A29B5090}.Debug|Any CPU.ActiveCfg = Debug|Any CPU
		{B0934142-23DE-446F-8892-7801A29B5090}.Debug|Any CPU.Build.0 = Debug|Any CPU
		{B0934142-23DE-446F-8892-7801A29B5090}.Release|Any CPU.ActiveCfg = Release|Any CPU
		{B0934142-23DE-446F-8892-7801A29B5090}.Release|Any CPU.Build.0 = Release|Any CPU
		{DD404697-310B-4F0C-B119-C8849CF764D6}.Debug|Any CPU.ActiveCfg = Debug|Any CPU
		{DD404697-310B-4F0C-B119-C8849CF764D6}.Debug|Any CPU.Build.0 = Debug|Any CPU
		{DD404697-310B-4F0C-B119-C8849CF764D6}.Release|Any CPU.ActiveCfg = Release|Any CPU
		{DD404697-310B-4F0C-B119-C8849CF764D6}.Release|Any CPU.Build.0 = Release|Any CPU
		{222D15FB-2133-4738-A93A-0EC0427D6868}.Debug|Any CPU.ActiveCfg = Debug|Any CPU
		{222D15FB-2133-4738-A93A-0EC0427D6868}.Debug|Any CPU.Build.0 = Debug|Any CPU
		{222D15FB-2133-4738-A93A-0EC0427D6868}.Release|Any CPU.ActiveCfg = Release|Any CPU
		{222D15FB-2133-4738-A93A-0EC0427D6868}.Release|Any CPU.Build.0 = Release|Any CPU
	EndGlobalSection
	GlobalSection(SolutionProperties) = preSolution
		HideSolutionNode = FALSE
	EndGlobalSection
	GlobalSection(ExtensibilityGlobals) = postSolution
		SolutionGuid = {3841C8B8-E3A0-474A-8A52-EFA1DB4B2A63}
	EndGlobalSection
EndGlobal
